
Microsoft Visual Studio Solution File, Format Version 12.00
# Visual Studio 15
VisualStudioVersion = 15.0.27130.2026
MinimumVisualStudioVersion = 10.0.40219.1
Project("{FAE04EC0-301F-11D3-BF4B-00C04F79EFBC}") = "SignalChat", "SignalChat\SignalChat.csproj", "{AAA4C53F-CD64-441A-9F83-1C6C83A87ACA}"
EndProject
Global
	GlobalSection(SolutionConfigurationPlatforms) = preSolution
		Debug|Any CPU = Debug|Any CPU
		Release|Any CPU = Release|Any CPU
	EndGlobalSection
	GlobalSection(ProjectConfigurationPlatforms) = postSolution
		{AAA4C53F-CD64-441A-9F83-1C6C83A87ACA}.Debug|Any CPU.ActiveCfg = Debug|Any CPU
		{AAA4C53F-CD64-441A-9F83-1C6C83A87ACA}.Debug|Any CPU.Build.0 = Debug|Any CPU
		{AAA4C53F-CD64-441A-9F83-1C6C83A87ACA}.Release|Any CPU.ActiveCfg = Release|Any CPU
		{AAA4C53F-CD64-441A-9F83-1C6C83A87ACA}.Release|Any CPU.Build.0 = Release|Any CPU
	EndGlobalSection
	GlobalSection(SolutionProperties) = preSolution
		HideSolutionNode = FALSE
	EndGlobalSection
	GlobalSection(ExtensibilityGlobals) = postSolution
		SolutionGuid = {0D4EE91A-3487-4E42-9E49-B87C668F03F0}
	EndGlobalSection
EndGlobal
